
Microsoft Visual Studio Solution File, Format Version 12.00
# Visual Studio Version 17
VisualStudioVersion = 17.0.32126.317
MinimumVisualStudioVersion = 10.0.40219.1
Project("{FAE04EC0-301F-11D3-BF4B-00C04F79EFBC}") = "Insurance", "Insurance\Insurance.csproj", "{050E2777-73AA-44DA-AC30-A8C060F5E6F2}"
EndProject
Project("{FAE04EC0-301F-11D3-BF4B-00C04F79EFBC}") = "IMS", "IMS\IMS.csproj", "{5667836D-ADFC-4E27-A2BE-94702250CC2E}"
EndProject
Global
	GlobalSection(SolutionConfigurationPlatforms) = preSolution
		Debug|Any CPU = Debug|Any CPU
		Release|Any CPU = Release|Any CPU
	EndGlobalSection
	GlobalSection(ProjectConfigurationPlatforms) = postSolution
		{050E2777-73AA-44DA-AC30-A8C060F5E6F2}.Debug|Any CPU.ActiveCfg = Debug|Any CPU
		{050E2777-73AA-44DA-AC30-A8C060F5E6F2}.Debug|Any CPU.Build.0 = Debug|Any CPU
		{050E2777-73AA-44DA-AC30-A8C060F5E6F2}.Release|Any CPU.ActiveCfg = Release|Any CPU
		{050E2777-73AA-44DA-AC30-A8C060F5E6F2}.Release|Any CPU.Build.0 = Release|Any CPU
		{5667836D-ADFC-4E27-A2BE-94702250CC2E}.Debug|Any CPU.ActiveCfg = Debug|Any CPU
		{5667836D-ADFC-4E27-A2BE-94702250CC2E}.Debug|Any CPU.Build.0 = Debug|Any CPU
		{5667836D-ADFC-4E27-A2BE-94702250CC2E}.Release|Any CPU.ActiveCfg = Release|Any CPU
		{5667836D-ADFC-4E27-A2BE-94702250CC2E}.Release|Any CPU.Build.0 = Release|Any CPU
	EndGlobalSection
	GlobalSection(SolutionProperties) = preSolution
		HideSolutionNode = FALSE
	EndGlobalSection
	GlobalSection(ExtensibilityGlobals) = postSolution
		SolutionGuid = {73964F1E-0C02-4C67-8535-99AA78758F23}
	EndGlobalSection
EndGlobal
